
Microsoft Visual Studio Solution File, Format Version 12.00
# Visual Studio 15
Project("{FAE04EC0-301F-11D3-BF4B-00C04F79EFBC}") = "INC492", "INC492\INC492.csproj", "{C6A87D31-FE5D-46A9-88D1-1C50DA9EBD9A}"
EndProject
Global
	GlobalSection(SolutionConfigurationPlatforms) = preSolution
		Debug|anycpu = Debug|anycpu
		Release|anycpu = Release|anycpu
	EndGlobalSection
	GlobalSection(ProjectConfigurationPlatforms) = postSolution
		{C6A87D31-FE5D-46A9-88D1-1C50DA9EBD9A}.Debug|anycpu.ActiveCfg = Debug|anycpu
		{C6A87D31-FE5D-46A9-88D1-1C50DA9EBD9A}.Debug|anycpu.Build.0 = Debug|anycpu
		{C6A87D31-FE5D-46A9-88D1-1C50DA9EBD9A}.Release|anycpu.ActiveCfg = Release|anycpu
		{C6A87D31-FE5D-46A9-88D1-1C50DA9EBD9A}.Release|anycpu.Build.0 = Release|anycpu
	EndGlobalSection
EndGlobal
